// !$*UTF8*$!
{
	archiveVersion = 1;
	classes = {
	};
	objectVersion = 46;
	objects = {

/* Begin PBXBuildFile section */
		3510175C1F262994002B23F8 /* SignUpTableViewController.swift in Sources */ = {isa = PBXBuildFile; fileRef = 3510175B1F262994002B23F8 /* SignUpTableViewController.swift */; };
		3510175E1F263AB7002B23F8 /* Wallet.storyboard in Resources */ = {isa = PBXBuildFile; fileRef = 3510175D1F263AB7002B23F8 /* Wallet.storyboard */; };
		35688A7C1F41C337004EB4F4 /* CopyableLabel.swift in Sources */ = {isa = PBXBuildFile; fileRef = 35688A7B1F41C337004EB4F4 /* CopyableLabel.swift */; };
		358B1CEE1F793F0F007D3D94 /* Base58.swift in Sources */ = {isa = PBXBuildFile; fileRef = 358B1CED1F793F0F007D3D94 /* Base58.swift */; };
		358B1CF01F7954E5007D3D94 /* TestRawTransaction.swift in Sources */ = {isa = PBXBuildFile; fileRef = 358B1CEF1F7954E5007D3D94 /* TestRawTransaction.swift */; };
		359B30421F223F9D00B4E476 /* AppDelegate.swift in Sources */ = {isa = PBXBuildFile; fileRef = 359B30411F223F9D00B4E476 /* AppDelegate.swift */; };
		359B30471F223F9D00B4E476 /* Login.storyboard in Resources */ = {isa = PBXBuildFile; fileRef = 359B30451F223F9D00B4E476 /* Login.storyboard */; };
		359B30491F223F9D00B4E476 /* Assets.xcassets in Resources */ = {isa = PBXBuildFile; fileRef = 359B30481F223F9D00B4E476 /* Assets.xcassets */; };
		359B304C1F223F9D00B4E476 /* LaunchScreen.storyboard in Resources */ = {isa = PBXBuildFile; fileRef = 359B304A1F223F9D00B4E476 /* LaunchScreen.storyboard */; };
		359B30571F223F9D00B4E476 /* CryptoWalletTests.swift in Sources */ = {isa = PBXBuildFile; fileRef = 359B30561F223F9D00B4E476 /* CryptoWalletTests.swift */; };
		359B30621F223F9D00B4E476 /* CryptoWalletUITests.swift in Sources */ = {isa = PBXBuildFile; fileRef = 359B30611F223F9D00B4E476 /* CryptoWalletUITests.swift */; };
		359B30711F22438000B4E476 /* LocalAuthentication.framework in Frameworks */ = {isa = PBXBuildFile; fileRef = 359B30701F22438000B4E476 /* LocalAuthentication.framework */; };
		359B30751F2246B000B4E476 /* SuccessViewController.swift in Sources */ = {isa = PBXBuildFile; fileRef = 359B30741F2246B000B4E476 /* SuccessViewController.swift */; };
		35CF95921F41B56300AE3560 /* Bitcoin.swift in Sources */ = {isa = PBXBuildFile; fileRef = 35CF95911F41B56300AE3560 /* Bitcoin.swift */; };
		3E013BA52D994643696C1BDF /* Pods_CryptoWalletTests.framework in Frameworks */ = {isa = PBXBuildFile; fileRef = B622F097C6ED317E6ECB0B47 /* Pods_CryptoWalletTests.framework */; };
		46963603F7ACC87167045F01 /* Pods_CryptoWallet.framework in Frameworks */ = {isa = PBXBuildFile; fileRef = 246E199380B476D0EDBA3B7B /* Pods_CryptoWallet.framework */; };
		907C13E79FF60152D3F68143 /* Pods_CryptoWalletUITests.framework in Frameworks */ = {isa = PBXBuildFile; fileRef = 099394C3EC7342DEB6B3CA34 /* Pods_CryptoWalletUITests.framework */; };
/* End PBXBuildFile section */

/* Begin PBXContainerItemProxy section */
		359B30531F223F9D00B4E476 /* PBXContainerItemProxy */ = {
			isa = PBXContainerItemProxy;
			containerPortal = 359B30361F223F9D00B4E476 /* Project object */;
			proxyType = 1;
			remoteGlobalIDString = 359B303D1F223F9D00B4E476;
			remoteInfo = CryptoWallet;
		};
		359B305E1F223F9D00B4E476 /* PBXContainerItemProxy */ = {
			isa = PBXContainerItemProxy;
			containerPortal = 359B30361F223F9D00B4E476 /* Project object */;
			proxyType = 1;
			remoteGlobalIDString = 359B303D1F223F9D00B4E476;
			remoteInfo = CryptoWallet;
		};
/* End PBXContainerItemProxy section */

/* Begin PBXFileReference section */
		099394C3EC7342DEB6B3CA34 /* Pods_CryptoWalletUITests.framework */ = {isa = PBXFileReference; explicitFileType = wrapper.framework; includeInIndex = 0; path = Pods_CryptoWalletUITests.framework; sourceTree = BUILT_PRODUCTS_DIR; };
		211BACEF47258DD9AD4FC339 /* Pods-CryptoWallet.release.xcconfig */ = {isa = PBXFileReference; includeInIndex = 1; lastKnownFileType = text.xcconfig; name = "Pods-CryptoWallet.release.xcconfig"; path = "Pods/Target Support Files/Pods-CryptoWallet/Pods-CryptoWallet.release.xcconfig"; sourceTree = "<group>"; };
		246E199380B476D0EDBA3B7B /* Pods_CryptoWallet.framework */ = {isa = PBXFileReference; explicitFileType = wrapper.framework; includeInIndex = 0; path = Pods_CryptoWallet.framework; sourceTree = BUILT_PRODUCTS_DIR; };
		2E873847F9A586A0F79C75EF /* Pods-CryptoWallet.debug.xcconfig */ = {isa = PBXFileReference; includeInIndex = 1; lastKnownFileType = text.xcconfig; name = "Pods-CryptoWallet.debug.xcconfig"; path = "Pods/Target Support Files/Pods-CryptoWallet/Pods-CryptoWallet.debug.xcconfig"; sourceTree = "<group>"; };
		3510175B1F262994002B23F8 /* SignUpTableViewController.swift */ = {isa = PBXFileReference; fileEncoding = 4; lastKnownFileType = sourcecode.swift; path = SignUpTableViewController.swift; sourceTree = "<group>"; };
		3510175D1F263AB7002B23F8 /* Wallet.storyboard */ = {isa = PBXFileReference; fileEncoding = 4; lastKnownFileType = file.storyboard; path = Wallet.storyboard; sourceTree = "<group>"; };
		35688A7B1F41C337004EB4F4 /* CopyableLabel.swift */ = {isa = PBXFileReference; fileEncoding = 4; lastKnownFileType = sourcecode.swift; path = CopyableLabel.swift; sourceTree = "<group>"; };
		358B1CED1F793F0F007D3D94 /* Base58.swift */ = {isa = PBXFileReference; lastKnownFileType = sourcecode.swift; path = Base58.swift; sourceTree = "<group>"; };
		358B1CEF1F7954E5007D3D94 /* TestRawTransaction.swift */ = {isa = PBXFileReference; lastKnownFileType = sourcecode.swift; path = TestRawTransaction.swift; sourceTree = "<group>"; };
		359B303E1F223F9D00B4E476 /* CryptoWallet.app */ = {isa = PBXFileReference; explicitFileType = wrapper.application; includeInIndex = 0; path = CryptoWallet.app; sourceTree = BUILT_PRODUCTS_DIR; };
		359B30411F223F9D00B4E476 /* AppDelegate.swift */ = {isa = PBXFileReference; lastKnownFileType = sourcecode.swift; path = AppDelegate.swift; sourceTree = "<group>"; };
		359B30461F223F9D00B4E476 /* Base */ = {isa = PBXFileReference; lastKnownFileType = file.storyboard; name = Base; path = Base.lproj/Login.storyboard; sourceTree = "<group>"; };
		359B30481F223F9D00B4E476 /* Assets.xcassets */ = {isa = PBXFileReference; lastKnownFileType = folder.assetcatalog; path = Assets.xcassets; sourceTree = "<group>"; };
		359B304B1F223F9D00B4E476 /* Base */ = {isa = PBXFileReference; lastKnownFileType = file.storyboard; name = Base; path = Base.lproj/LaunchScreen.storyboard; sourceTree = "<group>"; };
		359B304D1F223F9D00B4E476 /* Info.plist */ = {isa = PBXFileReference; lastKnownFileType = text.plist.xml; path = Info.plist; sourceTree = "<group>"; };
		359B30521F223F9D00B4E476 /* CryptoWalletTests.xctest */ = {isa = PBXFileReference; explicitFileType = wrapper.cfbundle; includeInIndex = 0; path = CryptoWalletTests.xctest; sourceTree = BUILT_PRODUCTS_DIR; };
		359B30561F223F9D00B4E476 /* CryptoWalletTests.swift */ = {isa = PBXFileReference; lastKnownFileType = sourcecode.swift; path = CryptoWalletTests.swift; sourceTree = "<group>"; };
		359B30581F223F9D00B4E476 /* Info.plist */ = {isa = PBXFileReference; lastKnownFileType = text.plist.xml; path = Info.plist; sourceTree = "<group>"; };
		359B305D1F223F9D00B4E476 /* CryptoWalletUITests.xctest */ = {isa = PBXFileReference; explicitFileType = wrapper.cfbundle; includeInIndex = 0; path = CryptoWalletUITests.xctest; sourceTree = BUILT_PRODUCTS_DIR; };
		359B30611F223F9D00B4E476 /* CryptoWalletUITests.swift */ = {isa = PBXFileReference; lastKnownFileType = sourcecode.swift; path = CryptoWalletUITests.swift; sourceTree = "<group>"; };
		359B30631F223F9D00B4E476 /* Info.plist */ = {isa = PBXFileReference; lastKnownFileType = text.plist.xml; path = Info.plist; sourceTree = "<group>"; };
		359B30701F22438000B4E476 /* LocalAuthentication.framework */ = {isa = PBXFileReference; lastKnownFileType = wrapper.framework; name = LocalAuthentication.framework; path = System/Library/Frameworks/LocalAuthentication.framework; sourceTree = SDKROOT; };
		359B30741F2246B000B4E476 /* SuccessViewController.swift */ = {isa = PBXFileReference; fileEncoding = 4; lastKnownFileType = sourcecode.swift; path = SuccessViewController.swift; sourceTree = "<group>"; };
		35CF95911F41B56300AE3560 /* Bitcoin.swift */ = {isa = PBXFileReference; fileEncoding = 4; lastKnownFileType = sourcecode.swift; path = Bitcoin.swift; sourceTree = "<group>"; };
		4BCC23B714C4BA37F1E41EE1 /* Pods-CryptoWalletUITests.release.xcconfig */ = {isa = PBXFileReference; includeInIndex = 1; lastKnownFileType = text.xcconfig; name = "Pods-CryptoWalletUITests.release.xcconfig"; path = "Pods/Target Support Files/Pods-CryptoWalletUITests/Pods-CryptoWalletUITests.release.xcconfig"; sourceTree = "<group>"; };
		A3A5831B1CFB34FE167BE09D /* Pods-CryptoWalletUITests.debug.xcconfig */ = {isa = PBXFileReference; includeInIndex = 1; lastKnownFileType = text.xcconfig; name = "Pods-CryptoWalletUITests.debug.xcconfig"; path = "Pods/Target Support Files/Pods-CryptoWalletUITests/Pods-CryptoWalletUITests.debug.xcconfig"; sourceTree = "<group>"; };
		B07302467026F346D3754309 /* Pods-CryptoWalletTests.release.xcconfig */ = {isa = PBXFileReference; includeInIndex = 1; lastKnownFileType = text.xcconfig; name = "Pods-CryptoWalletTests.release.xcconfig"; path = "Pods/Target Support Files/Pods-CryptoWalletTests/Pods-CryptoWalletTests.release.xcconfig"; sourceTree = "<group>"; };
		B622F097C6ED317E6ECB0B47 /* Pods_CryptoWalletTests.framework */ = {isa = PBXFileReference; explicitFileType = wrapper.framework; includeInIndex = 0; path = Pods_CryptoWalletTests.framework; sourceTree = BUILT_PRODUCTS_DIR; };
		EA2BF3B1670BD5A4931BFF8B /* Pods-CryptoWalletTests.debug.xcconfig */ = {isa = PBXFileReference; includeInIndex = 1; lastKnownFileType = text.xcconfig; name = "Pods-CryptoWalletTests.debug.xcconfig"; path = "Pods/Target Support Files/Pods-CryptoWalletTests/Pods-CryptoWalletTests.debug.xcconfig"; sourceTree = "<group>"; };
/* End PBXFileReference section */

/* Begin PBXFrameworksBuildPhase section */
		359B303B1F223F9D00B4E476 /* Frameworks */ = {
			isa = PBXFrameworksBuildPhase;
			buildActionMask = 2147483647;
			files = (
				359B30711F22438000B4E476 /* LocalAuthentication.framework in Frameworks */,
				46963603F7ACC87167045F01 /* Pods_CryptoWallet.framework in Frameworks */,
			);
			runOnlyForDeploymentPostprocessing = 0;
		};
		359B304F1F223F9D00B4E476 /* Frameworks */ = {
			isa = PBXFrameworksBuildPhase;
			buildActionMask = 2147483647;
			files = (
				3E013BA52D994643696C1BDF /* Pods_CryptoWalletTests.framework in Frameworks */,
			);
			runOnlyForDeploymentPostprocessing = 0;
		};
		359B305A1F223F9D00B4E476 /* Frameworks */ = {
			isa = PBXFrameworksBuildPhase;
			buildActionMask = 2147483647;
			files = (
				907C13E79FF60152D3F68143 /* Pods_CryptoWalletUITests.framework in Frameworks */,
			);
			runOnlyForDeploymentPostprocessing = 0;
		};
/* End PBXFrameworksBuildPhase section */

/* Begin PBXGroup section */
		359B30351F223F9D00B4E476 = {
			isa = PBXGroup;
			children = (
				359B30401F223F9D00B4E476 /* CryptoWallet */,
				359B30551F223F9D00B4E476 /* CryptoWalletTests */,
				359B30601F223F9D00B4E476 /* CryptoWalletUITests */,
				359B303F1F223F9D00B4E476 /* Products */,
				359B306F1F22438000B4E476 /* Frameworks */,
				40696833C4ABE04C7E77FC91 /* Pods */,
			);
			sourceTree = "<group>";
		};
		359B303F1F223F9D00B4E476 /* Products */ = {
			isa = PBXGroup;
			children = (
				359B303E1F223F9D00B4E476 /* CryptoWallet.app */,
				359B30521F223F9D00B4E476 /* CryptoWalletTests.xctest */,
				359B305D1F223F9D00B4E476 /* CryptoWalletUITests.xctest */,
			);
			name = Products;
			sourceTree = "<group>";
		};
		359B30401F223F9D00B4E476 /* CryptoWallet */ = {
			isa = PBXGroup;
			children = (
				359B30411F223F9D00B4E476 /* AppDelegate.swift */,
				359B30451F223F9D00B4E476 /* Login.storyboard */,
				359B30481F223F9D00B4E476 /* Assets.xcassets */,
				359B304A1F223F9D00B4E476 /* LaunchScreen.storyboard */,
				359B304D1F223F9D00B4E476 /* Info.plist */,
				359B30741F2246B000B4E476 /* SuccessViewController.swift */,
				3510175B1F262994002B23F8 /* SignUpTableViewController.swift */,
				3510175D1F263AB7002B23F8 /* Wallet.storyboard */,
				35CF95911F41B56300AE3560 /* Bitcoin.swift */,
				35688A7B1F41C337004EB4F4 /* CopyableLabel.swift */,
				358B1CED1F793F0F007D3D94 /* Base58.swift */,
				358B1CEF1F7954E5007D3D94 /* TestRawTransaction.swift */,
			);
			path = CryptoWallet;
			sourceTree = "<group>";
		};
		359B30551F223F9D00B4E476 /* CryptoWalletTests */ = {
			isa = PBXGroup;
			children = (
				359B30561F223F9D00B4E476 /* CryptoWalletTests.swift */,
				359B30581F223F9D00B4E476 /* Info.plist */,
			);
			path = CryptoWalletTests;
			sourceTree = "<group>";
		};
		359B30601F223F9D00B4E476 /* CryptoWalletUITests */ = {
			isa = PBXGroup;
			children = (
				359B30611F223F9D00B4E476 /* CryptoWalletUITests.swift */,
				359B30631F223F9D00B4E476 /* Info.plist */,
			);
			path = CryptoWalletUITests;
			sourceTree = "<group>";
		};
		359B306F1F22438000B4E476 /* Frameworks */ = {
			isa = PBXGroup;
			children = (
				359B30701F22438000B4E476 /* LocalAuthentication.framework */,
				246E199380B476D0EDBA3B7B /* Pods_CryptoWallet.framework */,
				B622F097C6ED317E6ECB0B47 /* Pods_CryptoWalletTests.framework */,
				099394C3EC7342DEB6B3CA34 /* Pods_CryptoWalletUITests.framework */,
			);
			name = Frameworks;
			sourceTree = "<group>";
		};
		40696833C4ABE04C7E77FC91 /* Pods */ = {
			isa = PBXGroup;
			children = (
				2E873847F9A586A0F79C75EF /* Pods-CryptoWallet.debug.xcconfig */,
				211BACEF47258DD9AD4FC339 /* Pods-CryptoWallet.release.xcconfig */,
				EA2BF3B1670BD5A4931BFF8B /* Pods-CryptoWalletTests.debug.xcconfig */,
				B07302467026F346D3754309 /* Pods-CryptoWalletTests.release.xcconfig */,
				A3A5831B1CFB34FE167BE09D /* Pods-CryptoWalletUITests.debug.xcconfig */,
				4BCC23B714C4BA37F1E41EE1 /* Pods-CryptoWalletUITests.release.xcconfig */,
			);
			name = Pods;
			sourceTree = "<group>";
		};
/* End PBXGroup section */

/* Begin PBXNativeTarget section */
		359B303D1F223F9D00B4E476 /* CryptoWallet */ = {
			isa = PBXNativeTarget;
			buildConfigurationList = 359B30661F223F9D00B4E476 /* Build configuration list for PBXNativeTarget "CryptoWallet" */;
			buildPhases = (
				A642D2E5E1E25DFB3565FD43 /* [CP] Check Pods Manifest.lock */,
				359B303A1F223F9D00B4E476 /* Sources */,
				359B303B1F223F9D00B4E476 /* Frameworks */,
				359B303C1F223F9D00B4E476 /* Resources */,
				7DD4957229611211F73DF652 /* [CP] Embed Pods Frameworks */,
				8D592DD6FA1903CA6F99FAAF /* [CP] Copy Pods Resources */,
			);
			buildRules = (
			);
			dependencies = (
			);
			name = CryptoWallet;
			productName = CryptoWallet;
			productReference = 359B303E1F223F9D00B4E476 /* CryptoWallet.app */;
			productType = "com.apple.product-type.application";
		};
		359B30511F223F9D00B4E476 /* CryptoWalletTests */ = {
			isa = PBXNativeTarget;
			buildConfigurationList = 359B30691F223F9D00B4E476 /* Build configuration list for PBXNativeTarget "CryptoWalletTests" */;
			buildPhases = (
				4C60747377A7D545DE28D31C /* [CP] Check Pods Manifest.lock */,
				359B304E1F223F9D00B4E476 /* Sources */,
				359B304F1F223F9D00B4E476 /* Frameworks */,
				359B30501F223F9D00B4E476 /* Resources */,
				860BDA027F397DFD060CC6C5 /* [CP] Embed Pods Frameworks */,
				C9D6269033149074964AF3B6 /* [CP] Copy Pods Resources */,
			);
			buildRules = (
			);
			dependencies = (
				359B30541F223F9D00B4E476 /* PBXTargetDependency */,
			);
			name = CryptoWalletTests;
			productName = CryptoWalletTests;
			productReference = 359B30521F223F9D00B4E476 /* CryptoWalletTests.xctest */;
			productType = "com.apple.product-type.bundle.unit-test";
		};
		359B305C1F223F9D00B4E476 /* CryptoWalletUITests */ = {
			isa = PBXNativeTarget;
			buildConfigurationList = 359B306C1F223F9D00B4E476 /* Build configuration list for PBXNativeTarget "CryptoWalletUITests" */;
			buildPhases = (
				CEDD88B66F6478C38197C0FB /* [CP] Check Pods Manifest.lock */,
				359B30591F223F9D00B4E476 /* Sources */,
				359B305A1F223F9D00B4E476 /* Frameworks */,
				359B305B1F223F9D00B4E476 /* Resources */,
				8ED4DEFD75BB29B346B9CE77 /* [CP] Embed Pods Frameworks */,
				5E9FF25EF85D336BC740A361 /* [CP] Copy Pods Resources */,
			);
			buildRules = (
			);
			dependencies = (
				359B305F1F223F9D00B4E476 /* PBXTargetDependency */,
			);
			name = CryptoWalletUITests;
			productName = CryptoWalletUITests;
			productReference = 359B305D1F223F9D00B4E476 /* CryptoWalletUITests.xctest */;
			productType = "com.apple.product-type.bundle.ui-testing";
		};
/* End PBXNativeTarget section */

/* Begin PBXProject section */
		359B30361F223F9D00B4E476 /* Project object */ = {
			isa = PBXProject;
			attributes = {
				LastSwiftUpdateCheck = 0830;
				LastUpgradeCheck = 0900;
				ORGANIZATIONNAME = "Лидия Хашина";
				TargetAttributes = {
					359B303D1F223F9D00B4E476 = {
						CreatedOnToolsVersion = 8.3.3;
						DevelopmentTeam = H89873LUM4;
						LastSwiftMigration = 0900;
						ProvisioningStyle = Automatic;
					};
					359B30511F223F9D00B4E476 = {
						CreatedOnToolsVersion = 8.3.3;
						LastSwiftMigration = 0900;
						ProvisioningStyle = Automatic;
						TestTargetID = 359B303D1F223F9D00B4E476;
					};
					359B305C1F223F9D00B4E476 = {
						CreatedOnToolsVersion = 8.3.3;
						LastSwiftMigration = 0900;
						ProvisioningStyle = Automatic;
						TestTargetID = 359B303D1F223F9D00B4E476;
					};
				};
			};
			buildConfigurationList = 359B30391F223F9D00B4E476 /* Build configuration list for PBXProject "CryptoWallet" */;
			compatibilityVersion = "Xcode 3.2";
			developmentRegion = English;
			hasScannedForEncodings = 0;
			knownRegions = (
				en,
				Base,
			);
			mainGroup = 359B30351F223F9D00B4E476;
			productRefGroup = 359B303F1F223F9D00B4E476 /* Products */;
			projectDirPath = "";
			projectRoot = "";
			targets = (
				359B303D1F223F9D00B4E476 /* CryptoWallet */,
				359B30511F223F9D00B4E476 /* CryptoWalletTests */,
				359B305C1F223F9D00B4E476 /* CryptoWalletUITests */,
			);
		};
/* End PBXProject section */

/* Begin PBXResourcesBuildPhase section */
		359B303C1F223F9D00B4E476 /* Resources */ = {
			isa = PBXResourcesBuildPhase;
			buildActionMask = 2147483647;
			files = (
				359B304C1F223F9D00B4E476 /* LaunchScreen.storyboard in Resources */,
				3510175E1F263AB7002B23F8 /* Wallet.storyboard in Resources */,
				359B30491F223F9D00B4E476 /* Assets.xcassets in Resources */,
				359B30471F223F9D00B4E476 /* Login.storyboard in Resources */,
			);
			runOnlyForDeploymentPostprocessing = 0;
		};
		359B30501F223F9D00B4E476 /* Resources */ = {
			isa = PBXResourcesBuildPhase;
			buildActionMask = 2147483647;
			files = (
			);
			runOnlyForDeploymentPostprocessing = 0;
		};
		359B305B1F223F9D00B4E476 /* Resources */ = {
			isa = PBXResourcesBuildPhase;
			buildActionMask = 2147483647;
			files = (
			);
			runOnlyForDeploymentPostprocessing = 0;
		};
/* End PBXResourcesBuildPhase section */

/* Begin PBXShellScriptBuildPhase section */
		4C60747377A7D545DE28D31C /* [CP] Check Pods Manifest.lock */ = {
			isa = PBXShellScriptBuildPhase;
			buildActionMask = 2147483647;
			files = (
			);
			inputPaths = (
				"${PODS_PODFILE_DIR_PATH}/Podfile.lock",
				"${PODS_ROOT}/Manifest.lock",
			);
			name = "[CP] Check Pods Manifest.lock";
			outputPaths = (
				"$(DERIVED_FILE_DIR)/Pods-CryptoWalletTests-checkManifestLockResult.txt",
			);
			runOnlyForDeploymentPostprocessing = 0;
			shellPath = /bin/sh;
			shellScript = "diff \"${PODS_PODFILE_DIR_PATH}/Podfile.lock\" \"${PODS_ROOT}/Manifest.lock\" > /dev/null\nif [ $? != 0 ] ; then\n    # print error to STDERR\n    echo \"error: The sandbox is not in sync with the Podfile.lock. Run 'pod install' or update your CocoaPods installation.\" >&2\n    exit 1\nfi\n# This output is used by Xcode 'outputs' to avoid re-running this script phase.\necho \"SUCCESS\" > \"${SCRIPT_OUTPUT_FILE_0}\"\n";
			showEnvVarsInLog = 0;
		};
		5E9FF25EF85D336BC740A361 /* [CP] Copy Pods Resources */ = {
			isa = PBXShellScriptBuildPhase;
			buildActionMask = 2147483647;
			files = (
			);
			inputPaths = (
			);
			name = "[CP] Copy Pods Resources";
			outputPaths = (
			);
			runOnlyForDeploymentPostprocessing = 0;
			shellPath = /bin/sh;
			shellScript = "\"${SRCROOT}/Pods/Target Support Files/Pods-CryptoWalletUITests/Pods-CryptoWalletUITests-resources.sh\"\n";
			showEnvVarsInLog = 0;
		};
		7DD4957229611211F73DF652 /* [CP] Embed Pods Frameworks */ = {
			isa = PBXShellScriptBuildPhase;
			buildActionMask = 2147483647;
			files = (
			);
			inputPaths = (
				"${SRCROOT}/Pods/Target Support Files/Pods-CryptoWallet/Pods-CryptoWallet-frameworks.sh",
				"${BUILT_PRODUCTS_DIR}/IDZSwiftCommonCrypto/IDZSwiftCommonCrypto.framework",
				"${BUILT_PRODUCTS_DIR}/KeychainAccess/KeychainAccess.framework",
				"${BUILT_PRODUCTS_DIR}/SwiftyRSA/SwiftyRSA.framework",
			);
			name = "[CP] Embed Pods Frameworks";
			outputPaths = (
				"${TARGET_BUILD_DIR}/${FRAMEWORKS_FOLDER_PATH}/IDZSwiftCommonCrypto.framework",
				"${TARGET_BUILD_DIR}/${FRAMEWORKS_FOLDER_PATH}/KeychainAccess.framework",
				"${TARGET_BUILD_DIR}/${FRAMEWORKS_FOLDER_PATH}/SwiftyRSA.framework",
			);
			runOnlyForDeploymentPostprocessing = 0;
			shellPath = /bin/sh;
			shellScript = "\"${SRCROOT}/Pods/Target Support Files/Pods-CryptoWallet/Pods-CryptoWallet-frameworks.sh\"\n";
			showEnvVarsInLog = 0;
		};
		860BDA027F397DFD060CC6C5 /* [CP] Embed Pods Frameworks */ = {
			isa = PBXShellScriptBuildPhase;
			buildActionMask = 2147483647;
			files = (
			);
			inputPaths = (
			);
			name = "[CP] Embed Pods Frameworks";
			outputPaths = (
			);
			runOnlyForDeploymentPostprocessing = 0;
			shellPath = /bin/sh;
			shellScript = "\"${SRCROOT}/Pods/Target Support Files/Pods-CryptoWalletTests/Pods-CryptoWalletTests-frameworks.sh\"\n";
			showEnvVarsInLog = 0;
		};
		8D592DD6FA1903CA6F99FAAF /* [CP] Copy Pods Resources */ = {
			isa = PBXShellScriptBuildPhase;
			buildActionMask = 2147483647;
			files = (
			);
			inputPaths = (
			);
			name = "[CP] Copy Pods Resources";
			outputPaths = (
			);
			runOnlyForDeploymentPostprocessing = 0;
			shellPath = /bin/sh;
			shellScript = "\"${SRCROOT}/Pods/Target Support Files/Pods-CryptoWallet/Pods-CryptoWallet-resources.sh\"\n";
			showEnvVarsInLog = 0;
		};
		8ED4DEFD75BB29B346B9CE77 /* [CP] Embed Pods Frameworks */ = {
			isa = PBXShellScriptBuildPhase;
			buildActionMask = 2147483647;
			files = (
			);
			inputPaths = (
			);
			name = "[CP] Embed Pods Frameworks";
			outputPaths = (
			);
			runOnlyForDeploymentPostprocessing = 0;
			shellPath = /bin/sh;
			shellScript = "\"${SRCROOT}/Pods/Target Support Files/Pods-CryptoWalletUITests/Pods-CryptoWalletUITests-frameworks.sh\"\n";
			showEnvVarsInLog = 0;
		};
		A642D2E5E1E25DFB3565FD43 /* [CP] Check Pods Manifest.lock */ = {
			isa = PBXShellScriptBuildPhase;
			buildActionMask = 2147483647;
			files = (
			);
			inputPaths = (
				"${PODS_PODFILE_DIR_PATH}/Podfile.lock",
				"${PODS_ROOT}/Manifest.lock",
			);
			name = "[CP] Check Pods Manifest.lock";
			outputPaths = (
				"$(DERIVED_FILE_DIR)/Pods-CryptoWallet-checkManifestLockResult.txt",
			);
			runOnlyForDeploymentPostprocessing = 0;
			shellPath = /bin/sh;
			shellScript = "diff \"${PODS_PODFILE_DIR_PATH}/Podfile.lock\" \"${PODS_ROOT}/Manifest.lock\" > /dev/null\nif [ $? != 0 ] ; then\n    # print error to STDERR\n    echo \"error: The sandbox is not in sync with the Podfile.lock. Run 'pod install' or update your CocoaPods installation.\" >&2\n    exit 1\nfi\n# This output is used by Xcode 'outputs' to avoid re-running this script phase.\necho \"SUCCESS\" > \"${SCRIPT_OUTPUT_FILE_0}\"\n";
			showEnvVarsInLog = 0;
		};
		C9D6269033149074964AF3B6 /* [CP] Copy Pods Resources */ = {
			isa = PBXShellScriptBuildPhase;
			buildActionMask = 2147483647;
			files = (
			);
			inputPaths = (
			);
			name = "[CP] Copy Pods Resources";
			outputPaths = (
			);
			runOnlyForDeploymentPostprocessing = 0;
			shellPath = /bin/sh;
			shellScript = "\"${SRCROOT}/Pods/Target Support Files/Pods-CryptoWalletTests/Pods-CryptoWalletTests-resources.sh\"\n";
			showEnvVarsInLog = 0;
		};
		CEDD88B66F6478C38197C0FB /* [CP] Check Pods Manifest.lock */ = {
			isa = PBXShellScriptBuildPhase;
			buildActionMask = 2147483647;
			files = (
			);
			inputPaths = (
				"${PODS_PODFILE_DIR_PATH}/Podfile.lock",
				"${PODS_ROOT}/Manifest.lock",
			);
			name = "[CP] Check Pods Manifest.lock";
			outputPaths = (
				"$(DERIVED_FILE_DIR)/Pods-CryptoWalletUITests-checkManifestLockResult.txt",
			);
			runOnlyForDeploymentPostprocessing = 0;
			shellPath = /bin/sh;
			shellScript = "diff \"${PODS_PODFILE_DIR_PATH}/Podfile.lock\" \"${PODS_ROOT}/Manifest.lock\" > /dev/null\nif [ $? != 0 ] ; then\n    # print error to STDERR\n    echo \"error: The sandbox is not in sync with the Podfile.lock. Run 'pod install' or update your CocoaPods installation.\" >&2\n    exit 1\nfi\n# This output is used by Xcode 'outputs' to avoid re-running this script phase.\necho \"SUCCESS\" > \"${SCRIPT_OUTPUT_FILE_0}\"\n";
			showEnvVarsInLog = 0;
		};
/* End PBXShellScriptBuildPhase section */

/* Begin PBXSourcesBuildPhase section */
		359B303A1F223F9D00B4E476 /* Sources */ = {
			isa = PBXSourcesBuildPhase;
			buildActionMask = 2147483647;
			files = (
				358B1CF01F7954E5007D3D94 /* TestRawTransaction.swift in Sources */,
				35688A7C1F41C337004EB4F4 /* CopyableLabel.swift in Sources */,
				358B1CEE1F793F0F007D3D94 /* Base58.swift in Sources */,
				35CF95921F41B56300AE3560 /* Bitcoin.swift in Sources */,
				359B30751F2246B000B4E476 /* SuccessViewController.swift in Sources */,
				359B30421F223F9D00B4E476 /* AppDelegate.swift in Sources */,
				3510175C1F262994002B23F8 /* SignUpTableViewController.swift in Sources */,
			);
			runOnlyForDeploymentPostprocessing = 0;
		};
		359B304E1F223F9D00B4E476 /* Sources */ = {
			isa = PBXSourcesBuildPhase;
			buildActionMask = 2147483647;
			files = (
				359B30571F223F9D00B4E476 /* CryptoWalletTests.swift in Sources */,
			);
			runOnlyForDeploymentPostprocessing = 0;
		};
		359B30591F223F9D00B4E476 /* Sources */ = {
			isa = PBXSourcesBuildPhase;
			buildActionMask = 2147483647;
			files = (
				359B30621F223F9D00B4E476 /* CryptoWalletUITests.swift in Sources */,
			);
			runOnlyForDeploymentPostprocessing = 0;
		};
/* End PBXSourcesBuildPhase section */

/* Begin PBXTargetDependency section */
		359B30541F223F9D00B4E476 /* PBXTargetDependency */ = {
			isa = PBXTargetDependency;
			target = 359B303D1F223F9D00B4E476 /* CryptoWallet */;
			targetProxy = 359B30531F223F9D00B4E476 /* PBXContainerItemProxy */;
		};
		359B305F1F223F9D00B4E476 /* PBXTargetDependency */ = {
			isa = PBXTargetDependency;
			target = 359B303D1F223F9D00B4E476 /* CryptoWallet */;
			targetProxy = 359B305E1F223F9D00B4E476 /* PBXContainerItemProxy */;
		};
/* End PBXTargetDependency section */

/* Begin PBXVariantGroup section */
		359B30451F223F9D00B4E476 /* Login.storyboard */ = {
			isa = PBXVariantGroup;
			children = (
				359B30461F223F9D00B4E476 /* Base */,
			);
			name = Login.storyboard;
			sourceTree = "<group>";
		};
		359B304A1F223F9D00B4E476 /* LaunchScreen.storyboard */ = {
			isa = PBXVariantGroup;
			children = (
				359B304B1F223F9D00B4E476 /* Base */,
			);
			name = LaunchScreen.storyboard;
			sourceTree = "<group>";
		};
/* End PBXVariantGroup section */

/* Begin XCBuildConfiguration section */
		359B30641F223F9D00B4E476 /* Debug */ = {
			isa = XCBuildConfiguration;
			buildSettings = {
				ALWAYS_SEARCH_USER_PATHS = NO;
				CLANG_ANALYZER_NONNULL = YES;
				CLANG_ANALYZER_NUMBER_OBJECT_CONVERSION = YES_AGGRESSIVE;
				CLANG_CXX_LANGUAGE_STANDARD = "gnu++0x";
				CLANG_CXX_LIBRARY = "libc++";
				CLANG_ENABLE_MODULES = YES;
				CLANG_ENABLE_OBJC_ARC = YES;
				CLANG_WARN_BLOCK_CAPTURE_AUTORELEASING = YES;
				CLANG_WARN_BOOL_CONVERSION = YES;
				CLANG_WARN_COMMA = YES;
				CLANG_WARN_CONSTANT_CONVERSION = YES;
				CLANG_WARN_DIRECT_OBJC_ISA_USAGE = YES_ERROR;
				CLANG_WARN_DOCUMENTATION_COMMENTS = YES;
				CLANG_WARN_EMPTY_BODY = YES;
				CLANG_WARN_ENUM_CONVERSION = YES;
				CLANG_WARN_INFINITE_RECURSION = YES;
				CLANG_WARN_INT_CONVERSION = YES;
				CLANG_WARN_NON_LITERAL_NULL_CONVERSION = YES;
				CLANG_WARN_OBJC_LITERAL_CONVERSION = YES;
				CLANG_WARN_OBJC_ROOT_CLASS = YES_ERROR;
				CLANG_WARN_RANGE_LOOP_ANALYSIS = YES;
				CLANG_WARN_STRICT_PROTOTYPES = YES;
				CLANG_WARN_SUSPICIOUS_MOVE = YES;
				CLANG_WARN_UNREACHABLE_CODE = YES;
				CLANG_WARN__DUPLICATE_METHOD_MATCH = YES;
				"CODE_SIGN_IDENTITY[sdk=iphoneos*]" = "iPhone Developer";
				COPY_PHASE_STRIP = NO;
				DEBUG_INFORMATION_FORMAT = dwarf;
				ENABLE_STRICT_OBJC_MSGSEND = YES;
				ENABLE_TESTABILITY = YES;
				GCC_C_LANGUAGE_STANDARD = gnu99;
				GCC_DYNAMIC_NO_PIC = NO;
				GCC_NO_COMMON_BLOCKS = YES;
				GCC_OPTIMIZATION_LEVEL = 0;
				GCC_PREPROCESSOR_DEFINITIONS = (
					"DEBUG=1",
					"$(inherited)",
				);
				GCC_WARN_64_TO_32_BIT_CONVERSION = YES;
				GCC_WARN_ABOUT_RETURN_TYPE = YES_ERROR;
				GCC_WARN_UNDECLARED_SELECTOR = YES;
				GCC_WARN_UNINITIALIZED_AUTOS = YES_AGGRESSIVE;
				GCC_WARN_UNUSED_FUNCTION = YES;
				GCC_WARN_UNUSED_VARIABLE = YES;
				IPHONEOS_DEPLOYMENT_TARGET = 10.3;
				MTL_ENABLE_DEBUG_INFO = YES;
				ONLY_ACTIVE_ARCH = YES;
				SDKROOT = iphoneos;
				SWIFT_ACTIVE_COMPILATION_CONDITIONS = DEBUG;
				SWIFT_OPTIMIZATION_LEVEL = "-Onone";
				TARGETED_DEVICE_FAMILY = "1,2";
			};
			name = Debug;
		};
		359B30651F223F9D00B4E476 /* Release */ = {
			isa = XCBuildConfiguration;
			buildSettings = {
				ALWAYS_SEARCH_USER_PATHS = NO;
				CLANG_ANALYZER_NONNULL = YES;
				CLANG_ANALYZER_NUMBER_OBJECT_CONVERSION = YES_AGGRESSIVE;
				CLANG_CXX_LANGUAGE_STANDARD = "gnu++0x";
				CLANG_CXX_LIBRARY = "libc++";
				CLANG_ENABLE_MODULES = YES;
				CLANG_ENABLE_OBJC_ARC = YES;
				CLANG_WARN_BLOCK_CAPTURE_AUTORELEASING = YES;
				CLANG_WARN_BOOL_CONVERSION = YES;
				CLANG_WARN_COMMA = YES;
				CLANG_WARN_CONSTANT_CONVERSION = YES;
				CLANG_WARN_DIRECT_OBJC_ISA_USAGE = YES_ERROR;
				CLANG_WARN_DOCUMENTATION_COMMENTS = YES;
				CLANG_WARN_EMPTY_BODY = YES;
				CLANG_WARN_ENUM_CONVERSION = YES;
				CLANG_WARN_INFINITE_RECURSION = YES;
				CLANG_WARN_INT_CONVERSION = YES;
				CLANG_WARN_NON_LITERAL_NULL_CONVERSION = YES;
				CLANG_WARN_OBJC_LITERAL_CONVERSION = YES;
				CLANG_WARN_OBJC_ROOT_CLASS = YES_ERROR;
				CLANG_WARN_RANGE_LOOP_ANALYSIS = YES;
				CLANG_WARN_STRICT_PROTOTYPES = YES;
				CLANG_WARN_SUSPICIOUS_MOVE = YES;
				CLANG_WARN_UNREACHABLE_CODE = YES;
				CLANG_WARN__DUPLICATE_METHOD_MATCH = YES;
				"CODE_SIGN_IDENTITY[sdk=iphoneos*]" = "iPhone Developer";
				COPY_PHASE_STRIP = NO;
				DEBUG_INFORMATION_FORMAT = "dwarf-with-dsym";
				ENABLE_NS_ASSERTIONS = NO;
				ENABLE_STRICT_OBJC_MSGSEND = YES;
				GCC_C_LANGUAGE_STANDARD = gnu99;
				GCC_NO_COMMON_BLOCKS = YES;
				GCC_WARN_64_TO_32_BIT_CONVERSION = YES;
				GCC_WARN_ABOUT_RETURN_TYPE = YES_ERROR;
				GCC_WARN_UNDECLARED_SELECTOR = YES;
				GCC_WARN_UNINITIALIZED_AUTOS = YES_AGGRESSIVE;
				GCC_WARN_UNUSED_FUNCTION = YES;
				GCC_WARN_UNUSED_VARIABLE = YES;
				IPHONEOS_DEPLOYMENT_TARGET = 10.3;
				MTL_ENABLE_DEBUG_INFO = NO;
				SDKROOT = iphoneos;
				SWIFT_OPTIMIZATION_LEVEL = "-Owholemodule";
				TARGETED_DEVICE_FAMILY = "1,2";
				VALIDATE_PRODUCT = YES;
			};
			name = Release;
		};
		359B30671F223F9D00B4E476 /* Debug */ = {
			isa = XCBuildConfiguration;
			baseConfigurationReference = 2E873847F9A586A0F79C75EF /* Pods-CryptoWallet.debug.xcconfig */;
			buildSettings = {
				ASSETCATALOG_COMPILER_APPICON_NAME = AppIcon;
				DEVELOPMENT_TEAM = H89873LUM4;
				INFOPLIST_FILE = CryptoWallet/Info.plist;
				LD_RUNPATH_SEARCH_PATHS = "$(inherited) @executable_path/Frameworks";
				PRODUCT_BUNDLE_IDENTIFIER = ru.khashin.CryptoWallet;
				PRODUCT_NAME = "$(TARGET_NAME)";
				SWIFT_SWIFT3_OBJC_INFERENCE = On;
				SWIFT_VERSION = 4.0;
				USER_HEADER_SEARCH_PATHS = "Frameworks/** Pods/**";
			};
			name = Debug;
		};
		359B30681F223F9D00B4E476 /* Release */ = {
			isa = XCBuildConfiguration;
			baseConfigurationReference = 211BACEF47258DD9AD4FC339 /* Pods-CryptoWallet.release.xcconfig */;
			buildSettings = {
				ASSETCATALOG_COMPILER_APPICON_NAME = AppIcon;
				DEVELOPMENT_TEAM = H89873LUM4;
				INFOPLIST_FILE = CryptoWallet/Info.plist;
				LD_RUNPATH_SEARCH_PATHS = "$(inherited) @executable_path/Frameworks";
				PRODUCT_BUNDLE_IDENTIFIER = ru.khashin.CryptoWallet;
				PRODUCT_NAME = "$(TARGET_NAME)";
				SWIFT_SWIFT3_OBJC_INFERENCE = On;
				SWIFT_VERSION = 4.0;
				USER_HEADER_SEARCH_PATHS = "Frameworks/** Pods/**";
			};
			name = Release;
		};
		359B306A1F223F9D00B4E476 /* Debug */ = {
			isa = XCBuildConfiguration;
			baseConfigurationReference = EA2BF3B1670BD5A4931BFF8B /* Pods-CryptoWalletTests.debug.xcconfig */;
			buildSettings = {
				ALWAYS_EMBED_SWIFT_STANDARD_LIBRARIES = YES;
				BUNDLE_LOADER = "$(TEST_HOST)";
				INFOPLIST_FILE = CryptoWalletTests/Info.plist;
				LD_RUNPATH_SEARCH_PATHS = "$(inherited) @executable_path/Frameworks @loader_path/Frameworks";
				PRODUCT_BUNDLE_IDENTIFIER = ru.khashin.CryptoWalletTests;
				PRODUCT_NAME = "$(TARGET_NAME)";
				SWIFT_SWIFT3_OBJC_INFERENCE = On;
				SWIFT_VERSION = 4.0;
				TEST_HOST = "$(BUILT_PRODUCTS_DIR)/CryptoWallet.app/CryptoWallet";
			};
			name = Debug;
		};
		359B306B1F223F9D00B4E476 /* Release */ = {
			isa = XCBuildConfiguration;
			baseConfigurationReference = B07302467026F346D3754309 /* Pods-CryptoWalletTests.release.xcconfig */;
			buildSettings = {
				ALWAYS_EMBED_SWIFT_STANDARD_LIBRARIES = YES;
				BUNDLE_LOADER = "$(TEST_HOST)";
				INFOPLIST_FILE = CryptoWalletTests/Info.plist;
				LD_RUNPATH_SEARCH_PATHS = "$(inherited) @executable_path/Frameworks @loader_path/Frameworks";
				PRODUCT_BUNDLE_IDENTIFIER = ru.khashin.CryptoWalletTests;
				PRODUCT_NAME = "$(TARGET_NAME)";
				SWIFT_SWIFT3_OBJC_INFERENCE = On;
				SWIFT_VERSION = 4.0;
				TEST_HOST = "$(BUILT_PRODUCTS_DIR)/CryptoWallet.app/CryptoWallet";
			};
			name = Release;
		};
		359B306D1F223F9D00B4E476 /* Debug */ = {
			isa = XCBuildConfiguration;
			baseConfigurationReference = A3A5831B1CFB34FE167BE09D /* Pods-CryptoWalletUITests.debug.xcconfig */;
			buildSettings = {
				ALWAYS_EMBED_SWIFT_STANDARD_LIBRARIES = YES;
				INFOPLIST_FILE = CryptoWalletUITests/Info.plist;
				LD_RUNPATH_SEARCH_PATHS = "$(inherited) @executable_path/Frameworks @loader_path/Frameworks";
				PRODUCT_BUNDLE_IDENTIFIER = ru.khashin.CryptoWalletUITests;
				PRODUCT_NAME = "$(TARGET_NAME)";
				SWIFT_SWIFT3_OBJC_INFERENCE = On;
				SWIFT_VERSION = 4.0;
				TEST_TARGET_NAME = CryptoWallet;
			};
			name = Debug;
		};
		359B306E1F223F9D00B4E476 /* Release */ = {
			isa = XCBuildConfiguration;
			baseConfigurationReference = 4BCC23B714C4BA37F1E41EE1 /* Pods-CryptoWalletUITests.release.xcconfig */;
			buildSettings = {
				ALWAYS_EMBED_SWIFT_STANDARD_LIBRARIES = YES;
				INFOPLIST_FILE = CryptoWalletUITests/Info.plist;
				LD_RUNPATH_SEARCH_PATHS = "$(inherited) @executable_path/Frameworks @loader_path/Frameworks";
				PRODUCT_BUNDLE_IDENTIFIER = ru.khashin.CryptoWalletUITests;
				PRODUCT_NAME = "$(TARGET_NAME)";
				SWIFT_SWIFT3_OBJC_INFERENCE = On;
				SWIFT_VERSION = 4.0;
				TEST_TARGET_NAME = CryptoWallet;
			};
			name = Release;
		};
/* End XCBuildConfiguration section */

/* Begin XCConfigurationList section */
		359B30391F223F9D00B4E476 /* Build configuration list for PBXProject "CryptoWallet" */ = {
			isa = XCConfigurationList;
			buildConfigurations = (
				359B30641F223F9D00B4E476 /* Debug */,
				359B30651F223F9D00B4E476 /* Release */,
			);
			defaultConfigurationIsVisible = 0;
			defaultConfigurationName = Release;
		};
		359B30661F223F9D00B4E476 /* Build configuration list for PBXNativeTarget "CryptoWallet" */ = {
			isa = XCConfigurationList;
			buildConfigurations = (
				359B30671F223F9D00B4E476 /* Debug */,
				359B30681F223F9D00B4E476 /* Release */,
			);
			defaultConfigurationIsVisible = 0;
			defaultConfigurationName = Release;
		};
		359B30691F223F9D00B4E476 /* Build configuration list for PBXNativeTarget "CryptoWalletTests" */ = {
			isa = XCConfigurationList;
			buildConfigurations = (
				359B306A1F223F9D00B4E476 /* Debug */,
				359B306B1F223F9D00B4E476 /* Release */,
			);
			defaultConfigurationIsVisible = 0;
			defaultConfigurationName = Release;
		};
		359B306C1F223F9D00B4E476 /* Build configuration list for PBXNativeTarget "CryptoWalletUITests" */ = {
			isa = XCConfigurationList;
			buildConfigurations = (
				359B306D1F223F9D00B4E476 /* Debug */,
				359B306E1F223F9D00B4E476 /* Release */,
			);
			defaultConfigurationIsVisible = 0;
			defaultConfigurationName = Release;
		};
/* End XCConfigurationList section */
	};
	rootObject = 359B30361F223F9D00B4E476 /* Project object */;
}
